NeoBundleLock autofmt 99f2b50c00c48d2b585d56e30d77e87097b067cc
NeoBundleLock molokai c67bdfcdb31415aa0ade7f8c003261700a885476
NeoBundleLock neobundle.vim 26d03781886ed887e390d4ad8b935987754b1c2c
NeoBundleLock neosnippet ddd01d0ee3d965d9a30051f2e12b14234c83b3ae
NeoBundleLock neosnippet-snippets 8dbb78599984140c50418d3dd23d0de4c8f13e74
NeoBundleLock vim-indent-guides b40687195c01caf40f62d20093296590b48e3a75
NeoBundleLock vimtex 8e2eef585fec6643a0f72ad23cdba8f9745eb52f
