NeoBundleLock autofmt 99f2b50c00c48d2b585d56e30d77e87097b067cc
NeoBundleLock molokai c67bdfcdb31415aa0ade7f8c003261700a885476
NeoBundleLock neobundle.vim c6fa48cd665071b7a4dbf5ab53f48cd5884716ee
NeoBundleLock neocomplcache 778181767467b8f8016828898779a646074d883a
NeoBundleLock neosnippet 4bf88a9e497dc7180e9fe58551ad340de0192f39
NeoBundleLock neosnippet-snippets b89c544264912b064c79da2a90fc5d4e69d621b2
NeoBundleLock unite.vim ad15f96365b5cb43a45d0ca779df6a497f954f15
NeoBundleLock vim-indent-guides b40687195c01caf40f62d20093296590b48e3a75
NeoBundleLock vim-quickrun 98889e1fc0f7136262c4dd7c312b82879df16486
