NeoBundleLock autofmt 99f2b50c00c48d2b585d56e30d77e87097b067cc
NeoBundleLock cheatSheet 9b31dbd015645a33752a14cb6019e73ad79ab4cb
NeoBundleLock molokai c67bdfcdb31415aa0ade7f8c003261700a885476
NeoBundleLock neobundle.vim 26d03781886ed887e390d4ad8b935987754b1c2c
NeoBundleLock unite.vim 53d9f345a02976497cc99a4c7f5e4cf6114b6c28
NeoBundleLock vim-indent-guides b40687195c01caf40f62d20093296590b48e3a75
NeoBundleLock vim-quickrun 13e60587a503620bd7d0dd1b822c29e18350e461
